# THIS IS AN AUTOGENERATED FILE. DO NOT EDIT THIS FILE DIRECTLY.
# yarn lockfile v1


"@octokit/endpoint@^3.1.1":
  version "3.1.1"
  resolved "https://registry.yarnpkg.com/@octokit/endpoint/-/endpoint-3.1.1.tgz#ede9afefaa4d6b7584169e12346425c6fbb45cc3"
  integrity sha512-KPkoTvKwCTetu/UqonLs1pfwFO5HAqTv/Ksp9y4NAg//ZgUCpvJsT4Hrst85uEzJvkB8+LxKyR4Bfv2X8O4cmQ==
  dependencies:
    deepmerge "3.0.0"
    is-plain-object "^2.0.4"
    universal-user-agent "^2.0.1"
    url-template "^2.0.8"

"@octokit/request@2.3.0":
  version "2.3.0"
  resolved "https://registry.yarnpkg.com/@octokit/request/-/request-2.3.0.tgz#da2672308bcf0b9376ef66f51bddbe5eb87cc00a"
  integrity sha512-5YRqYNZOAaL7+nt7w3Scp6Sz4P2g7wKFP9npx1xdExMomk8/M/ICXVLYVam2wzxeY0cIc6wcKpjC5KI4jiNbGw==
  dependencies:
    "@octokit/endpoint" "^3.1.1"
    is-plain-object "^2.0.4"
    node-fetch "^2.3.0"
    universal-user-agent "^2.0.1"

"@octokit/rest@^16.13.1":
  version "16.13.1"
  resolved "https://registry.yarnpkg.com/@octokit/rest/-/rest-16.13.1.tgz#abc132110aa7584d4ebfff3c9fff9a7d6a0c3ae7"
  integrity sha512-r7Dg0m27todnsiXdvZcZfQm7TCND7a5vC4/IwuLoIcg1mhwk26cWsUSOMzSXOUjxjjun5H2oKzM0vBVtohKypw==
  dependencies:
    "@octokit/request" "2.3.0"
    before-after-hook "^1.2.0"
    btoa-lite "^1.0.0"
    lodash.get "^4.4.2"
    lodash.set "^4.3.2"
    lodash.uniq "^4.5.0"
    octokit-pagination-methods "^1.1.0"
    universal-user-agent "^2.0.0"
    url-template "^2.0.8"

before-after-hook@^1.2.0:
  version "1.3.2"
  resolved "https://registry.yarnpkg.com/before-after-hook/-/before-after-hook-1.3.2.tgz#7bfbf844ad670aa7a96b5a4e4e15bd74b08ed66b"
  integrity sha512-zyPgY5dgbf99c0uGUjhY4w+mxqEGxPKg9RQDl34VvrVh2bM31lFN+mwR1ZHepq/KA3VCPk1gwJZL6IIJqjLy2w==

btoa-lite@^1.0.0:
  version "1.0.0"
  resolved "https://registry.yarnpkg.com/btoa-lite/-/btoa-lite-1.0.0.tgz#337766da15801210fdd956c22e9c6891ab9d0337"
  integrity sha1-M3dm2hWAEhD92VbCLpxokaudAzc=

cross-spawn@^6.0.0:
  version "6.0.5"
  resolved "https://registry.yarnpkg.com/cross-spawn/-/cross-spawn-6.0.5.tgz#4a5ec7c64dfae22c3a14124dbacdee846d80cbc4"
  integrity sha512-eTVLrBSt7fjbDygz805pMnstIs2VTBNkRm0qxZd+M7A5XDdxVRWO5MxGBXZhjY4cqLYLdtrGqRf8mBPmzwSpWQ==
  dependencies:
    nice-try "^1.0.4"
    path-key "^2.0.1"
    semver "^5.5.0"
    shebang-command "^1.2.0"
    which "^1.2.9"

deepmerge@3.0.0:
  version "3.0.0"
  resolved "https://registry.yarnpkg.com/deepmerge/-/deepmerge-3.0.0.tgz#ca7903b34bfa1f8c2eab6779280775a411bfc6ba"
  integrity sha512-a8z8bkgHsAML+uHLqmMS83HHlpy3PvZOOuiTQqaa3wu8ZVg3h0hqHk6aCsGdOnZV2XMM/FRimNGjUh0KCcmHBw==

diff@^4.0.1:
  version "4.0.1"
  resolved "https://registry.yarnpkg.com/diff/-/diff-4.0.1.tgz#0c667cb467ebbb5cea7f14f135cc2dba7780a8ff"
  integrity sha512-s2+XdvhPCOF01LRQBC8hf4vhbVmI2CGS5aZnxLJlT5FtdhPCDFq80q++zK2KlrVorVDdL5BOGZ/VfLrVtYNF+Q==

dotenv@^6.2.0:
  version "6.2.0"
  resolved "https://registry.yarnpkg.com/dotenv/-/dotenv-6.2.0.tgz#941c0410535d942c8becf28d3f357dbd9d476064"
  integrity sha512-HygQCKUBSFl8wKQZBSemMywRWcEDNidvNbjGVyZu3nbZ8qq9ubiPoGLMdRDpfSrpkkm9BXYFkpKxxFX38o/76w==

execa@^0.10.0:
  version "0.10.0"
  resolved "https://registry.yarnpkg.com/execa/-/execa-0.10.0.tgz#ff456a8f53f90f8eccc71a96d11bdfc7f082cb50"
  integrity sha512-7XOMnz8Ynx1gGo/3hyV9loYNPWM94jG3+3T3Y8tsfSstFmETmENCMU/A/zj8Lyaj1lkgEepKepvd6240tBRvlw==
  dependencies:
    cross-spawn "^6.0.0"
    get-stream "^3.0.0"
    is-stream "^1.1.0"
    npm-run-path "^2.0.0"
    p-finally "^1.0.0"
    signal-exit "^3.0.0"
    strip-eof "^1.0.0"

get-stream@^3.0.0:
  version "3.0.0"
  resolved "https://registry.yarnpkg.com/get-stream/-/get-stream-3.0.0.tgz#8e943d1358dc37555054ecbe2edb05aa174ede14"
  integrity sha1-jpQ9E1jcN1VQVOy+LtsFqhdO3hQ=

is-plain-object@^2.0.4:
  version "2.0.4"
  resolved "https://registry.yarnpkg.com/is-plain-object/-/is-plain-object-2.0.4.tgz#2c163b3fafb1b606d9d17928f05c2a1c38e07677"
  integrity sha512-h5PpgXkWitc38BBMYawTYMWJHFZJVnBquFE57xFpjB8pJFiF6gZ+bU+WyI/yqXiFR5mdLsgYNaPe8uao6Uv9Og==
  dependencies:
    isobject "^3.0.1"

is-stream@^1.1.0:
  version "1.1.0"
  resolved "https://registry.yarnpkg.com/is-stream/-/is-stream-1.1.0.tgz#12d4a3dd4e68e0b79ceb8dbc84173ae80d91ca44"
  integrity sha1-EtSj3U5o4Lec6428hBc66A2RykQ=

isexe@^2.0.0:
  version "2.0.0"
  resolved "https://registry.yarnpkg.com/isexe/-/isexe-2.0.0.tgz#e8fbf374dc556ff8947a10dcb0572d633f2cfa10"
  integrity sha1-6PvzdNxVb/iUehDcsFctYz8s+hA=

isobject@^3.0.1:
  version "3.0.1"
  resolved "https://registry.yarnpkg.com/isobject/-/isobject-3.0.1.tgz#4e431e92b11a9731636aa1f9c8d1ccbcfdab78df"
  integrity sha1-TkMekrEalzFjaqH5yNHMvP2reN8=

lodash.get@^4.4.2:
  version "4.4.2"
  resolved "https://registry.yarnpkg.com/lodash.get/-/lodash.get-4.4.2.tgz#2d177f652fa31e939b4438d5341499dfa3825e99"
  integrity sha1-LRd/ZS+jHpObRDjVNBSZ36OCXpk=

lodash.set@^4.3.2:
  version "4.3.2"
  resolved "https://registry.yarnpkg.com/lodash.set/-/lodash.set-4.3.2.tgz#d8757b1da807dde24816b0d6a84bea1a76230b23"
  integrity sha1-2HV7HagH3eJIFrDWqEvqGnYjCyM=

lodash.uniq@^4.5.0:
  version "4.5.0"
  resolved "https://registry.yarnpkg.com/lodash.uniq/-/lodash.uniq-4.5.0.tgz#d0225373aeb652adc1bc82e4945339a842754773"
  integrity sha1-0CJTc662Uq3BvILklFM5qEJ1R3M=

macos-release@^2.0.0:
  version "2.0.0"
  resolved "https://registry.yarnpkg.com/macos-release/-/macos-release-2.0.0.tgz#7dddf4caf79001a851eb4fba7fb6034f251276ab"
  integrity sha512-iCM3ZGeqIzlrH7KxYK+fphlJpCCczyHXc+HhRVbEu9uNTCrzYJjvvtefzeKTCVHd5AP/aD/fzC80JZ4ZP+dQ/A==

nice-try@^1.0.4:
  version "1.0.5"
  resolved "https://registry.yarnpkg.com/nice-try/-/nice-try-1.0.5.tgz#a3378a7696ce7d223e88fc9b764bd7ef1089e366"
  integrity sha512-1nh45deeb5olNY7eX82BkPO7SSxR5SSYJiPTrTdFUVYwAl8CKMA5N9PjTYkHiRjisVcxcQ1HXdLhx2qxxJzLNQ==

node-fetch@^2.3.0:
  version "2.3.0"
  resolved "https://registry.yarnpkg.com/node-fetch/-/node-fetch-2.3.0.tgz#1a1d940bbfb916a1d3e0219f037e89e71f8c5fa5"
  integrity sha512-MOd8pV3fxENbryESLgVIeaGKrdl+uaYhCSSVkjeOb/31/njTpcis5aWfdqgNlHIrKOLRbMnfPINPOML2CIFeXA==

npm-run-path@^2.0.0:
  version "2.0.2"
  resolved "https://registry.yarnpkg.com/npm-run-path/-/npm-run-path-2.0.2.tgz#35a9232dfa35d7067b4cb2ddf2357b1871536c5f"
  integrity sha1-NakjLfo11wZ7TLLd8jV7GHFTbF8=
  dependencies:
    path-key "^2.0.0"

octokit-pagination-methods@^1.1.0:
  version "1.1.0"
  resolved "https://registry.yarnpkg.com/octokit-pagination-methods/-/octokit-pagination-methods-1.1.0.tgz#cf472edc9d551055f9ef73f6e42b4dbb4c80bea4"
  integrity sha512-fZ4qZdQ2nxJvtcasX7Ghl+WlWS/d9IgnBIwFZXVNNZUmzpno91SX5bc5vuxiuKoCtK78XxGGNuSCrDC7xYB3OQ==

os-name@^3.0.0:
  version "3.0.0"
  resolved "https://registry.yarnpkg.com/os-name/-/os-name-3.0.0.tgz#e1434dbfddb8e74b44c98b56797d951b7648a5d9"
  integrity sha512-7c74tib2FsdFbQ3W+qj8Tyd1R3Z6tuVRNNxXjJcZ4NgjIEQU9N/prVMqcW29XZPXGACqaXN3jq58/6hoaoXH6g==
  dependencies:
    macos-release "^2.0.0"
    windows-release "^3.1.0"

os-tmpdir@~1.0.2:
  version "1.0.2"
  resolved "https://registry.yarnpkg.com/os-tmpdir/-/os-tmpdir-1.0.2.tgz#bbe67406c79aa85c5cfec766fe5734555dfa1274"
  integrity sha1-u+Z0BseaqFxc/sdm/lc0VV36EnQ=

p-finally@^1.0.0:
  version "1.0.0"
  resolved "https://registry.yarnpkg.com/p-finally/-/p-finally-1.0.0.tgz#3fbcfb15b899a44123b34b6dcc18b724336a2cae"
  integrity sha1-P7z7FbiZpEEjs0ttzBi3JDNqLK4=

path-key@^2.0.0, path-key@^2.0.1:
  version "2.0.1"
  resolved "https://registry.yarnpkg.com/path-key/-/path-key-2.0.1.tgz#411cadb574c5a140d3a4b1910d40d80cc9f40b40"
  integrity sha1-QRyttXTFoUDTpLGRDUDYDMn0C0A=

semver@^5.5.0:
  version "5.6.0"
  resolved "https://registry.yarnpkg.com/semver/-/semver-5.6.0.tgz#7e74256fbaa49c75aa7c7a205cc22799cac80004"
  integrity sha512-RS9R6R35NYgQn++fkDWaOmqGoj4Ek9gGs+DPxNUZKuwE183xjJroKvyo1IzVFeXvUrvmALy6FWD5xrdJT25gMg==

shebang-command@^1.2.0:
  version "1.2.0"
  resolved "https://registry.yarnpkg.com/shebang-command/-/shebang-command-1.2.0.tgz#44aac65b695b03398968c39f363fee5deafdf1ea"
  integrity sha1-RKrGW2lbAzmJaMOfNj/uXer98eo=
  dependencies:
    shebang-regex "^1.0.0"

shebang-regex@^1.0.0:
  version "1.0.0"
  resolved "https://registry.yarnpkg.com/shebang-regex/-/shebang-regex-1.0.0.tgz#da42f49740c0b42db2ca9728571cb190c98efea3"
  integrity sha1-2kL0l0DAtC2yypcoVxyxkMmO/qM=

signal-exit@^3.0.0:
  version "3.0.2"
  resolved "https://registry.yarnpkg.com/signal-exit/-/signal-exit-3.0.2.tgz#b5fdc08f1287ea1178628e415e25132b73646c6d"
  integrity sha1-tf3AjxKH6hF4Yo5BXiUTK3NkbG0=

strip-eof@^1.0.0:
  version "1.0.0"
  resolved "https://registry.yarnpkg.com/strip-eof/-/strip-eof-1.0.0.tgz#bb43ff5598a6eb05d89b59fcd129c983313606bf"
  integrity sha1-u0P/VZim6wXYm1n80SnJgzE2Br8=

tmp@^0.0.33:
  version "0.0.33"
  resolved "https://registry.yarnpkg.com/tmp/-/tmp-0.0.33.tgz#6d34335889768d21b2bcda0aa277ced3b1bfadf9"
  integrity sha512-jRCJlojKnZ3addtTOjdIqoRuPEKBvNXcGYqzO6zWZX8KfKEpnGY5jfggJQ3EjKuu8D4bJRr0y+cYJFmYbImXGw==
  dependencies:
    os-tmpdir "~1.0.2"

universal-user-agent@^2.0.0, universal-user-agent@^2.0.1:
  version "2.0.3"
  resolved "https://registry.yarnpkg.com/universal-user-agent/-/universal-user-agent-2.0.3.tgz#9f6f09f9cc33de867bb720d84c08069b14937c6c"
  integrity sha512-eRHEHhChCBHrZsA4WEhdgiOKgdvgrMIHwnwnqD0r5C6AO8kwKcG7qSku3iXdhvHL3YvsS9ZkSGN8h/hIpoFC8g==
  dependencies:
    os-name "^3.0.0"

url-template@^2.0.8:
  version "2.0.8"
  resolved "https://registry.yarnpkg.com/url-template/-/url-template-2.0.8.tgz#fc565a3cccbff7730c775f5641f9555791439f21"
  integrity sha1-/FZaPMy/93MMd19WQflVV5FDnyE=

which@^1.2.9:
  version "1.3.1"
  resolved "https://registry.yarnpkg.com/which/-/which-1.3.1.tgz#a45043d54f5805316da8d62f9f50918d3da70b0a"
  integrity sha512-HxJdYWq1MTIQbJ3nw0cqssHoTNU267KlrDuGZ1WYlxDStUtKUhOaJmh112/TZmHxxUfuJqPXSOm7tDyas0OSIQ==
  dependencies:
    isexe "^2.0.0"

windows-release@^3.1.0:
  version "3.1.0"
  resolved "https://registry.yarnpkg.com/windows-release/-/windows-release-3.1.0.tgz#8d4a7e266cbf5a233f6c717dac19ce00af36e12e"
  integrity sha512-hBb7m7acFgQPQc222uEQTmdcGLeBmQLNLFIh0rDk3CwFOBrfjefLzEfEfmpMq8Af/n/GnFf3eYf203FY1PmudA==
  dependencies:
    execa "^0.10.0"
